
Microsoft Visual Studio Solution File, Format Version 12.00
# Visual Studio Version 17
VisualStudioVersion = 17.1.32210.238
MinimumVisualStudioVersion = 10.0.40219.1
Project("{FAE04EC0-301F-11D3-BF4B-00C04F79EFBC}") = "SpecFlowProject7", "SpecFlowProject7\SpecFlowProject7.csproj", "{38F8A487-3F76-47CB-9623-FDD579DD8B76}"
EndProject
Global
	GlobalSection(SolutionConfigurationPlatforms) = preSolution
		Debug|Any CPU = Debug|Any CPU
		Release|Any CPU = Release|Any CPU
	EndGlobalSection
	GlobalSection(ProjectConfigurationPlatforms) = postSolution
		{38F8A487-3F76-47CB-9623-FDD579DD8B76}.Debug|Any CPU.ActiveCfg = Debug|Any CPU
		{38F8A487-3F76-47CB-9623-FDD579DD8B76}.Debug|Any CPU.Build.0 = Debug|Any CPU
		{38F8A487-3F76-47CB-9623-FDD579DD8B76}.Release|Any CPU.ActiveCfg = Release|Any CPU
		{38F8A487-3F76-47CB-9623-FDD579DD8B76}.Release|Any CPU.Build.0 = Release|Any CPU
	EndGlobalSection
	GlobalSection(SolutionProperties) = preSolution
		HideSolutionNode = FALSE
	EndGlobalSection
	GlobalSection(ExtensibilityGlobals) = postSolution
		SolutionGuid = {AB703951-6E79-4CB2-89A5-D708F7956B88}
	EndGlobalSection
EndGlobal
